// !$*UTF8*$!
{
	archiveVersion = 1;
	classes = {
	};
	objectVersion = 56;
	objects = {

/* Begin PBXBuildFile section */
		D51DAB8C2CC77AE800427532 /* Pantone_CloneApp.swift in Sources */ = {isa = PBXBuildFile; fileRef = D51DAB8B2CC77AE800427532 /* Pantone_CloneApp.swift */; };
		D51DAB8E2CC77AE800427532 /* ContentView.swift in Sources */ = {isa = PBXBuildFile; fileRef = D51DAB8D2CC77AE800427532 /* ContentView.swift */; };
		D51DAB902CC77AE800427532 /* Item.swift in Sources */ = {isa = PBXBuildFile; fileRef = D51DAB8F2CC77AE800427532 /* Item.swift */; };
		D51DAB922CC77AEE00427532 /* Assets.xcassets in Resources */ = {isa = PBXBuildFile; fileRef = D51DAB912CC77AEE00427532 /* Assets.xcassets */; };
		D51DAB952CC77AEE00427532 /* Preview Assets.xcassets in Resources */ = {isa = PBXBuildFile; fileRef = D51DAB942CC77AEE00427532 /* Preview Assets.xcassets */; };
		D51DAB9C2CC77B7500427532 /* ChipContentView.swift in Sources */ = {isa = PBXBuildFile; fileRef = D51DAB9B2CC77B7500427532 /* ChipContentView.swift */; };
		D51DAB9E2CC78E0500427532 /* RubberBand.swift in Sources */ = {isa = PBXBuildFile; fileRef = D51DAB9D2CC78E0500427532 /* RubberBand.swift */; };
		D51DABA02CC8DA0100427532 /* MainTab.swift in Sources */ = {isa = PBXBuildFile; fileRef = D51DAB9F2CC8DA0100427532 /* MainTab.swift */; };
		D51DABA42CC8DE3B00427532 /* ColorChip.swift in Sources */ = {isa = PBXBuildFile; fileRef = D51DABA32CC8DE3B00427532 /* ColorChip.swift */; };
		D51DABA72CC8ED8000427532 /* Color+Ext.swift in Sources */ = {isa = PBXBuildFile; fileRef = D51DABA62CC8ED8000427532 /* Color+Ext.swift */; };
		D51DABAB2CCFAC4C00427532 /* ChipDebugView.swift in Sources */ = {isa = PBXBuildFile; fileRef = D51DABAA2CCFAC4C00427532 /* ChipDebugView.swift */; };
/* End PBXBuildFile section */

/* Begin PBXFileReference section */
		D51DAB882CC77AE800427532 /* Pantone_Clone.app */ = {isa = PBXFileReference; explicitFileType = wrapper.application; includeInIndex = 0; path = Pantone_Clone.app; sourceTree = BUILT_PRODUCTS_DIR; };
		D51DAB8B2CC77AE800427532 /* Pantone_CloneApp.swift */ = {isa = PBXFileReference; lastKnownFileType = sourcecode.swift; path = Pantone_CloneApp.swift; sourceTree = "<group>"; };
		D51DAB8D2CC77AE800427532 /* ContentView.swift */ = {isa = PBXFileReference; lastKnownFileType = sourcecode.swift; path = ContentView.swift; sourceTree = "<group>"; };
		D51DAB8F2CC77AE800427532 /* Item.swift */ = {isa = PBXFileReference; lastKnownFileType = sourcecode.swift; path = Item.swift; sourceTree = "<group>"; };
		D51DAB912CC77AEE00427532 /* Assets.xcassets */ = {isa = PBXFileReference; lastKnownFileType = folder.assetcatalog; path = Assets.xcassets; sourceTree = "<group>"; };
		D51DAB942CC77AEE00427532 /* Preview Assets.xcassets */ = {isa = PBXFileReference; lastKnownFileType = folder.assetcatalog; path = "Preview Assets.xcassets"; sourceTree = "<group>"; };
		D51DAB9B2CC77B7500427532 /* ChipContentView.swift */ = {isa = PBXFileReference; lastKnownFileType = sourcecode.swift; path = ChipContentView.swift; sourceTree = "<group>"; };
		D51DAB9D2CC78E0500427532 /* RubberBand.swift */ = {isa = PBXFileReference; lastKnownFileType = sourcecode.swift; path = RubberBand.swift; sourceTree = "<group>"; };
		D51DAB9F2CC8DA0100427532 /* MainTab.swift */ = {isa = PBXFileReference; lastKnownFileType = sourcecode.swift; path = MainTab.swift; sourceTree = "<group>"; };
		D51DABA32CC8DE3B00427532 /* ColorChip.swift */ = {isa = PBXFileReference; lastKnownFileType = sourcecode.swift; path = ColorChip.swift; sourceTree = "<group>"; };
		D51DABA62CC8ED8000427532 /* Color+Ext.swift */ = {isa = PBXFileReference; lastKnownFileType = sourcecode.swift; path = "Color+Ext.swift"; sourceTree = "<group>"; };
		D51DABAA2CCFAC4C00427532 /* ChipDebugView.swift */ = {isa = PBXFileReference; lastKnownFileType = sourcecode.swift; path = ChipDebugView.swift; sourceTree = "<group>"; };
/* End PBXFileReference section */

/* Begin PBXFrameworksBuildPhase section */
		D51DAB852CC77AE800427532 /* Frameworks */ = {
			isa = PBXFrameworksBuildPhase;
			buildActionMask = 2147483647;
			files = (
			);
			runOnlyForDeploymentPostprocessing = 0;
		};
/* End PBXFrameworksBuildPhase section */

/* Begin PBXGroup section */
		D51DAB7F2CC77AE800427532 = {
			isa = PBXGroup;
			children = (
				D51DAB8A2CC77AE800427532 /* Pantone_Clone */,
				D51DAB892CC77AE800427532 /* Products */,
			);
			sourceTree = "<group>";
		};
		D51DAB892CC77AE800427532 /* Products */ = {
			isa = PBXGroup;
			children = (
				D51DAB882CC77AE800427532 /* Pantone_Clone.app */,
			);
			name = Products;
			sourceTree = "<group>";
		};
		D51DAB8A2CC77AE800427532 /* Pantone_Clone */ = {
			isa = PBXGroup;
			children = (
				D51DABA52CC8ED7600427532 /* Util */,
				D51DABA22CC8DE0300427532 /* Rubberband */,
				D51DABA12CC8DDFA00427532 /* PantoneChip */,
				D51DAB8B2CC77AE800427532 /* Pantone_CloneApp.swift */,
				D51DAB912CC77AEE00427532 /* Assets.xcassets */,
				D51DAB932CC77AEE00427532 /* Preview Content */,
				D51DAB9F2CC8DA0100427532 /* MainTab.swift */,
			);
			path = Pantone_Clone;
			sourceTree = "<group>";
		};
		D51DAB932CC77AEE00427532 /* Preview Content */ = {
			isa = PBXGroup;
			children = (
				D51DAB8F2CC77AE800427532 /* Item.swift */,
				D51DAB8D2CC77AE800427532 /* ContentView.swift */,
				D51DAB942CC77AEE00427532 /* Preview Assets.xcassets */,
			);
			path = "Preview Content";
			sourceTree = "<group>";
		};
		D51DABA12CC8DDFA00427532 /* PantoneChip */ = {
			isa = PBXGroup;
			children = (
				D51DAB9B2CC77B7500427532 /* ChipContentView.swift */,
				D51DABAA2CCFAC4C00427532 /* ChipDebugView.swift */,
				D51DABA32CC8DE3B00427532 /* ColorChip.swift */,
			);
			path = PantoneChip;
			sourceTree = "<group>";
		};
		D51DABA22CC8DE0300427532 /* Rubberband */ = {
			isa = PBXGroup;
			children = (
				D51DAB9D2CC78E0500427532 /* RubberBand.swift */,
			);
			path = Rubberband;
			sourceTree = "<group>";
		};
		D51DABA52CC8ED7600427532 /* Util */ = {
			isa = PBXGroup;
			children = (
				D51DABA62CC8ED8000427532 /* Color+Ext.swift */,
			);
			path = Util;
			sourceTree = "<group>";
		};
/* End PBXGroup section */

/* Begin PBXNativeTarget section */
		D51DAB872CC77AE800427532 /* Pantone_Clone */ = {
			isa = PBXNativeTarget;
			buildConfigurationList = D51DAB982CC77AEE00427532 /* Build configuration list for PBXNativeTarget "Pantone_Clone" */;
			buildPhases = (
				D51DAB842CC77AE800427532 /* Sources */,
				D51DAB852CC77AE800427532 /* Frameworks */,
				D51DAB862CC77AE800427532 /* Resources */,
			);
			buildRules = (
			);
			dependencies = (
			);
			name = Pantone_Clone;
			productName = Pantone_Clone;
			productReference = D51DAB882CC77AE800427532 /* Pantone_Clone.app */;
			productType = "com.apple.product-type.application";
		};
/* End PBXNativeTarget section */

/* Begin PBXProject section */
		D51DAB802CC77AE800427532 /* Project object */ = {
			isa = PBXProject;
			attributes = {
				BuildIndependentTargetsInParallel = 1;
				LastSwiftUpdateCheck = 1500;
				LastUpgradeCheck = 1500;
				TargetAttributes = {
					D51DAB872CC77AE800427532 = {
						CreatedOnToolsVersion = 15.0.1;
					};
				};
			};
			buildConfigurationList = D51DAB832CC77AE800427532 /* Build configuration list for PBXProject "Pantone_Clone" */;
			compatibilityVersion = "Xcode 14.0";
			developmentRegion = en;
			hasScannedForEncodings = 0;
			knownRegions = (
				en,
				Base,
			);
			mainGroup = D51DAB7F2CC77AE800427532;
			productRefGroup = D51DAB892CC77AE800427532 /* Products */;
			projectDirPath = "";
			projectRoot = "";
			targets = (
				D51DAB872CC77AE800427532 /* Pantone_Clone */,
			);
		};
/* End PBXProject section */

/* Begin PBXResourcesBuildPhase section */
		D51DAB862CC77AE800427532 /* Resources */ = {
			isa = PBXResourcesBuildPhase;
			buildActionMask = 2147483647;
			files = (
				D51DAB952CC77AEE00427532 /* Preview Assets.xcassets in Resources */,
				D51DAB922CC77AEE00427532 /* Assets.xcassets in Resources */,
			);
			runOnlyForDeploymentPostprocessing = 0;
		};
/* End PBXResourcesBuildPhase section */

/* Begin PBXSourcesBuildPhase section */
		D51DAB842CC77AE800427532 /* Sources */ = {
			isa = PBXSourcesBuildPhase;
			buildActionMask = 2147483647;
			files = (
				D51DAB8E2CC77AE800427532 /* ContentView.swift in Sources */,
				D51DAB9E2CC78E0500427532 /* RubberBand.swift in Sources */,
				D51DABAB2CCFAC4C00427532 /* ChipDebugView.swift in Sources */,
				D51DAB902CC77AE800427532 /* Item.swift in Sources */,
				D51DAB9C2CC77B7500427532 /* ChipContentView.swift in Sources */,
				D51DABA02CC8DA0100427532 /* MainTab.swift in Sources */,
				D51DABA72CC8ED8000427532 /* Color+Ext.swift in Sources */,
				D51DAB8C2CC77AE800427532 /* Pantone_CloneApp.swift in Sources */,
				D51DABA42CC8DE3B00427532 /* ColorChip.swift in Sources */,
			);
			runOnlyForDeploymentPostprocessing = 0;
		};
/* End PBXSourcesBuildPhase section */

/* Begin XCBuildConfiguration section */
		D51DAB962CC77AEE00427532 /* Debug */ = {
			isa = XCBuildConfiguration;
			buildSettings = {
				ALWAYS_SEARCH_USER_PATHS = NO;
				ASSETCATALOG_COMPILER_GENERATE_SWIFT_ASSET_SYMBOL_EXTENSIONS = YES;
				CLANG_ANALYZER_NONNULL = YES;
				CLANG_ANALYZER_NUMBER_OBJECT_CONVERSION = YES_AGGRESSIVE;
				CLANG_CXX_LANGUAGE_STANDARD = "gnu++20";
				CLANG_ENABLE_MODULES = YES;
				CLANG_ENABLE_OBJC_ARC = YES;
				CLANG_ENABLE_OBJC_WEAK = YES;
				CLANG_WARN_BLOCK_CAPTURE_AUTORELEASING = YES;
				CLANG_WARN_BOOL_CONVERSION = YES;
				CLANG_WARN_COMMA = YES;
				CLANG_WARN_CONSTANT_CONVERSION = YES;
				CLANG_WARN_DEPRECATED_OBJC_IMPLEMENTATIONS = YES;
				CLANG_WARN_DIRECT_OBJC_ISA_USAGE = YES_ERROR;
				CLANG_WARN_DOCUMENTATION_COMMENTS = YES;
				CLANG_WARN_EMPTY_BODY = YES;
				CLANG_WARN_ENUM_CONVERSION = YES;
				CLANG_WARN_INFINITE_RECURSION = YES;
				CLANG_WARN_INT_CONVERSION = YES;
				CLANG_WARN_NON_LITERAL_NULL_CONVERSION = YES;
				CLANG_WARN_OBJC_IMPLICIT_RETAIN_SELF = YES;
				CLANG_WARN_OBJC_LITERAL_CONVERSION = YES;
				CLANG_WARN_OBJC_ROOT_CLASS = YES_ERROR;
				CLANG_WARN_QUOTED_INCLUDE_IN_FRAMEWORK_HEADER = YES;
				CLANG_WARN_RANGE_LOOP_ANALYSIS = YES;
				CLANG_WARN_STRICT_PROTOTYPES = YES;
				CLANG_WARN_SUSPICIOUS_MOVE = YES;
				CLANG_WARN_UNGUARDED_AVAILABILITY = YES_AGGRESSIVE;
				CLANG_WARN_UNREACHABLE_CODE = YES;
				CLANG_WARN__DUPLICATE_METHOD_MATCH = YES;
				COPY_PHASE_STRIP = NO;
				DEBUG_INFORMATION_FORMAT = dwarf;
				ENABLE_STRICT_OBJC_MSGSEND = YES;
				ENABLE_TESTABILITY = YES;
				ENABLE_USER_SCRIPT_SANDBOXING = YES;
				GCC_C_LANGUAGE_STANDARD = gnu17;
				GCC_DYNAMIC_NO_PIC = NO;
				GCC_NO_COMMON_BLOCKS = YES;
				GCC_OPTIMIZATION_LEVEL = 0;
				GCC_PREPROCESSOR_DEFINITIONS = (
					"DEBUG=1",
					"$(inherited)",
				);
				GCC_WARN_64_TO_32_BIT_CONVERSION = YES;
				GCC_WARN_ABOUT_RETURN_TYPE = YES_ERROR;
				GCC_WARN_UNDECLARED_SELECTOR = YES;
				GCC_WARN_UNINITIALIZED_AUTOS = YES_AGGRESSIVE;
				GCC_WARN_UNUSED_FUNCTION = YES;
				GCC_WARN_UNUSED_VARIABLE = YES;
				IPHONEOS_DEPLOYMENT_TARGET = 17.0;
				LOCALIZATION_PREFERS_STRING_CATALOGS = YES;
				MTL_ENABLE_DEBUG_INFO = INCLUDE_SOURCE;
				MTL_FAST_MATH = YES;
				ONLY_ACTIVE_ARCH = YES;
				SDKROOT = iphoneos;
				SWIFT_ACTIVE_COMPILATION_CONDITIONS = "DEBUG $(inherited)";
				SWIFT_OPTIMIZATION_LEVEL = "-Onone";
			};
			name = Debug;
		};
		D51DAB972CC77AEE00427532 /* Release */ = {
			isa = XCBuildConfiguration;
			buildSettings = {
				ALWAYS_SEARCH_USER_PATHS = NO;
				ASSETCATALOG_COMPILER_GENERATE_SWIFT_ASSET_SYMBOL_EXTENSIONS = YES;
				CLANG_ANALYZER_NONNULL = YES;
				CLANG_ANALYZER_NUMBER_OBJECT_CONVERSION = YES_AGGRESSIVE;
				CLANG_CXX_LANGUAGE_STANDARD = "gnu++20";
				CLANG_ENABLE_MODULES = YES;
				CLANG_ENABLE_OBJC_ARC = YES;
				CLANG_ENABLE_OBJC_WEAK = YES;
				CLANG_WARN_BLOCK_CAPTURE_AUTORELEASING = YES;
				CLANG_WARN_BOOL_CONVERSION = YES;
				CLANG_WARN_COMMA = YES;
				CLANG_WARN_CONSTANT_CONVERSION = YES;
				CLANG_WARN_DEPRECATED_OBJC_IMPLEMENTATIONS = YES;
				CLANG_WARN_DIRECT_OBJC_ISA_USAGE = YES_ERROR;
				CLANG_WARN_DOCUMENTATION_COMMENTS = YES;
				CLANG_WARN_EMPTY_BODY = YES;
				CLANG_WARN_ENUM_CONVERSION = YES;
				CLANG_WARN_INFINITE_RECURSION = YES;
				CLANG_WARN_INT_CONVERSION = YES;
				CLANG_WARN_NON_LITERAL_NULL_CONVERSION = YES;
				CLANG_WARN_OBJC_IMPLICIT_RETAIN_SELF = YES;
				CLANG_WARN_OBJC_LITERAL_CONVERSION = YES;
				CLANG_WARN_OBJC_ROOT_CLASS = YES_ERROR;
				CLANG_WARN_QUOTED_INCLUDE_IN_FRAMEWORK_HEADER = YES;
				CLANG_WARN_RANGE_LOOP_ANALYSIS = YES;
				CLANG_WARN_STRICT_PROTOTYPES = YES;
				CLANG_WARN_SUSPICIOUS_MOVE = YES;
				CLANG_WARN_UNGUARDED_AVAILABILITY = YES_AGGRESSIVE;
				CLANG_WARN_UNREACHABLE_CODE = YES;
				CLANG_WARN__DUPLICATE_METHOD_MATCH = YES;
				COPY_PHASE_STRIP = NO;
				DEBUG_INFORMATION_FORMAT = "dwarf-with-dsym";
				ENABLE_NS_ASSERTIONS = NO;
				ENABLE_STRICT_OBJC_MSGSEND = YES;
				ENABLE_USER_SCRIPT_SANDBOXING = YES;
				GCC_C_LANGUAGE_STANDARD = gnu17;
				GCC_NO_COMMON_BLOCKS = YES;
				GCC_WARN_64_TO_32_BIT_CONVERSION = YES;
				GCC_WARN_ABOUT_RETURN_TYPE = YES_ERROR;
				GCC_WARN_UNDECLARED_SELECTOR = YES;
				GCC_WARN_UNINITIALIZED_AUTOS = YES_AGGRESSIVE;
				GCC_WARN_UNUSED_FUNCTION = YES;
				GCC_WARN_UNUSED_VARIABLE = YES;
				IPHONEOS_DEPLOYMENT_TARGET = 17.0;
				LOCALIZATION_PREFERS_STRING_CATALOGS = YES;
				MTL_ENABLE_DEBUG_INFO = NO;
				MTL_FAST_MATH = YES;
				SDKROOT = iphoneos;
				SWIFT_COMPILATION_MODE = wholemodule;
				VALIDATE_PRODUCT = YES;
			};
			name = Release;
		};
		D51DAB992CC77AEE00427532 /* Debug */ = {
			isa = XCBuildConfiguration;
			buildSettings = {
				ASSETCATALOG_COMPILER_APPICON_NAME = AppIcon;
				ASSETCATALOG_COMPILER_GLOBAL_ACCENT_COLOR_NAME = AccentColor;
				CODE_SIGN_STYLE = Automatic;
				CURRENT_PROJECT_VERSION = 1;
				DEVELOPMENT_ASSET_PATHS = "\"Pantone_Clone/Preview Content\"";
				DEVELOPMENT_TEAM = SJDR485DTV;
				ENABLE_PREVIEWS = YES;
				GENERATE_INFOPLIST_FILE = YES;
				INFOPLIST_KEY_UIApplicationSceneManifest_Generation = YES;
				INFOPLIST_KEY_UIApplicationSupportsIndirectInputEvents = YES;
				INFOPLIST_KEY_UILaunchScreen_Generation = YES;
				INFOPLIST_KEY_UISupportedInterfaceOrientations = UIInterfaceOrientationPortrait;
				INFOPLIST_KEY_UISupportedInterfaceOrientations_iPad = "UIInterfaceOrientationLandscapeLeft UIInterfaceOrientationLandscapeRight UIInterfaceOrientationPortrait UIInterfaceOrientationPortraitUpsideDown";
				LD_RUNPATH_SEARCH_PATHS = (
					"$(inherited)",
					"@executable_path/Frameworks",
				);
				MARKETING_VERSION = 1.0;
				PRODUCT_BUNDLE_IDENTIFIER = com.kangho.Rubber.Band;
				PRODUCT_NAME = "$(TARGET_NAME)";
				SUPPORTED_PLATFORMS = "iphoneos iphonesimulator";
				SUPPORTS_MACCATALYST = NO;
				SUPPORTS_MAC_DESIGNED_FOR_IPHONE_IPAD = NO;
				SWIFT_EMIT_LOC_STRINGS = YES;
				SWIFT_VERSION = 5.0;
				TARGETED_DEVICE_FAMILY = 1;
			};
			name = Debug;
		};
		D51DAB9A2CC77AEE00427532 /* Release */ = {
			isa = XCBuildConfiguration;
			buildSettings = {
				ASSETCATALOG_COMPILER_APPICON_NAME = AppIcon;
				ASSETCATALOG_COMPILER_GLOBAL_ACCENT_COLOR_NAME = AccentColor;
				CODE_SIGN_STYLE = Automatic;
				CURRENT_PROJECT_VERSION = 1;
				DEVELOPMENT_ASSET_PATHS = "\"Pantone_Clone/Preview Content\"";
				DEVELOPMENT_TEAM = SJDR485DTV;
				ENABLE_PREVIEWS = YES;
				GENERATE_INFOPLIST_FILE = YES;
				INFOPLIST_KEY_UIApplicationSceneManifest_Generation = YES;
				INFOPLIST_KEY_UIApplicationSupportsIndirectInputEvents = YES;
				INFOPLIST_KEY_UILaunchScreen_Generation = YES;
				INFOPLIST_KEY_UISupportedInterfaceOrientations = UIInterfaceOrientationPortrait;
				INFOPLIST_KEY_UISupportedInterfaceOrientations_iPad = "UIInterfaceOrientationLandscapeLeft UIInterfaceOrientationLandscapeRight UIInterfaceOrientationPortrait UIInterfaceOrientationPortraitUpsideDown";
				LD_RUNPATH_SEARCH_PATHS = (
					"$(inherited)",
					"@executable_path/Frameworks",
				);
				MARKETING_VERSION = 1.0;
				PRODUCT_BUNDLE_IDENTIFIER = com.kangho.Rubber.Band;
				PRODUCT_NAME = "$(TARGET_NAME)";
				SUPPORTED_PLATFORMS = "iphoneos iphonesimulator";
				SUPPORTS_MACCATALYST = NO;
				SUPPORTS_MAC_DESIGNED_FOR_IPHONE_IPAD = NO;
				SWIFT_EMIT_LOC_STRINGS = YES;
				SWIFT_VERSION = 5.0;
				TARGETED_DEVICE_FAMILY = 1;
			};
			name = Release;
		};
/* End XCBuildConfiguration section */

/* Begin XCConfigurationList section */
		D51DAB832CC77AE800427532 /* Build configuration list for PBXProject "Pantone_Clone" */ = {
			isa = XCConfigurationList;
			buildConfigurations = (
				D51DAB962CC77AEE00427532 /* Debug */,
				D51DAB972CC77AEE00427532 /* Release */,
			);
			defaultConfigurationIsVisible = 0;
			defaultConfigurationName = Release;
		};
		D51DAB982CC77AEE00427532 /* Build configuration list for PBXNativeTarget "Pantone_Clone" */ = {
			isa = XCConfigurationList;
			buildConfigurations = (
				D51DAB992CC77AEE00427532 /* Debug */,
				D51DAB9A2CC77AEE00427532 /* Release */,
			);
			defaultConfigurationIsVisible = 0;
			defaultConfigurationName = Release;
		};
/* End XCConfigurationList section */
	};
	rootObject = D51DAB802CC77AE800427532 /* Project object */;
}
